
Microsoft Visual Studio Solution File, Format Version 12.00
# Visual Studio 15
VisualStudioVersion = 15.0.28010.2026
MinimumVisualStudioVersion = 10.0.40219.1
Project("{FAE04EC0-301F-11D3-BF4B-00C04F79EFBC}") = "ToDoList", "ToDoList\ToDoList.csproj", "{26AFCE8B-B351-4DC1-BA44-AB185C2234AD}"
EndProject
Global
	GlobalSection(SolutionConfigurationPlatforms) = preSolution
		Debug|Any CPU = Debug|Any CPU
		Release|Any CPU = Release|Any CPU
	EndGlobalSection
	GlobalSection(ProjectConfigurationPlatforms) = postSolution
		{26AFCE8B-B351-4DC1-BA44-AB185C2234AD}.Debug|Any CPU.ActiveCfg = Debug|Any CPU
		{26AFCE8B-B351-4DC1-BA44-AB185C2234AD}.Debug|Any CPU.Build.0 = Debug|Any CPU
		{26AFCE8B-B351-4DC1-BA44-AB185C2234AD}.Release|Any CPU.ActiveCfg = Release|Any CPU
		{26AFCE8B-B351-4DC1-BA44-AB185C2234AD}.Release|Any CPU.Build.0 = Release|Any CPU
	EndGlobalSection
	GlobalSection(SolutionProperties) = preSolution
		HideSolutionNode = FALSE
	EndGlobalSection
	GlobalSection(ExtensibilityGlobals) = postSolution
		SolutionGuid = {380BF1C4-F66A-4701-A1B7-92E76378287D}
	EndGlobalSection
EndGlobal
